{
  "name": "blitzkrieg-2-android-content-tools",
  "lockfileVersion": 3,
  "requires": true,
  "packages": {
    "": {
      "name": "blitzkrieg-2-android-content-tools",
      "dependencies": {
        "granny-ro-js": "1.5.0"
      },
      "engines": {
        "node": ">=20"
      }
    },
    "node_modules/granny-ro-js": {
      "version": "1.5.0",
      "resolved": "https://registry.npmjs.org/granny-ro-js/-/granny-ro-js-1.5.0.tgz",
      "integrity": "sha512-D3lGTg4uOoejbO8ndiLXotpBGSAca9CVEuvCB7MAYlbJT4GCKCHaaugBR62S9fv6KJH+3oVIfouG7EEwraA3yw==",
      "license": "MIT",
      "engines": {
        "node": ">=20"
      }
    }
  }
}
